
Microsoft Visual Studio Solution File, Format Version 12.00
# Visual Studio Version 17
VisualStudioVersion = 17.7.34024.191
MinimumVisualStudioVersion = 10.0.40219.1
Project("{FAE04EC0-301F-11D3-BF4B-00C04F79EFBC}") = "CatchUpBeforeNight1", "CatchUpBeforeNight1\CatchUpBeforeNight1.csproj", "{DBDB5E02-F236-479C-A3AA-9F1245C59E07}"
EndProject
Global
	GlobalSection(SolutionConfigurationPlatforms) = preSolution
		Debug|Any CPU = Debug|Any CPU
		Release|Any CPU = Release|Any CPU
	EndGlobalSection
	GlobalSection(ProjectConfigurationPlatforms) = postSolution
		{DBDB5E02-F236-479C-A3AA-9F1245C59E07}.Debug|Any CPU.ActiveCfg = Debug|Any CPU
		{DBDB5E02-F236-479C-A3AA-9F1245C59E07}.Debug|Any CPU.Build.0 = Debug|Any CPU
		{DBDB5E02-F236-479C-A3AA-9F1245C59E07}.Release|Any CPU.ActiveCfg = Release|Any CPU
		{DBDB5E02-F236-479C-A3AA-9F1245C59E07}.Release|Any CPU.Build.0 = Release|Any CPU
	EndGlobalSection
	GlobalSection(SolutionProperties) = preSolution
		HideSolutionNode = FALSE
	EndGlobalSection
	GlobalSection(ExtensibilityGlobals) = postSolution
		SolutionGuid = {8176F19D-C2B7-4EC7-8FCA-CDF984656A46}
	EndGlobalSection
EndGlobal
